
Microsoft Visual Studio Solution File, Format Version 12.00
# Visual Studio Version 17
VisualStudioVersion = 17.13.35825.156 d17.13
MinimumVisualStudioVersion = 10.0.40219.1
Project("{FAE04EC0-301F-11D3-BF4B-00C04F79EFBC}") = "YourConsoleApp_NET_4_8", "YourConsoleApp_NET_4_8\YourConsoleApp_NET_4_8.csproj", "{B55F23AF-868C-4CFD-ADC2-5CF21768925A}"
EndProject
Global
	GlobalSection(SolutionConfigurationPlatforms) = preSolution
		Debug|Any CPU = Debug|Any CPU
		Release|Any CPU = Release|Any CPU
	EndGlobalSection
	GlobalSection(ProjectConfigurationPlatforms) = postSolution
		{B55F23AF-868C-4CFD-ADC2-5CF21768925A}.Debug|Any CPU.ActiveCfg = Debug|Any CPU
		{B55F23AF-868C-4CFD-ADC2-5CF21768925A}.Debug|Any CPU.Build.0 = Debug|Any CPU
		{B55F23AF-868C-4CFD-ADC2-5CF21768925A}.Release|Any CPU.ActiveCfg = Release|Any CPU
		{B55F23AF-868C-4CFD-ADC2-5CF21768925A}.Release|Any CPU.Build.0 = Release|Any CPU
	EndGlobalSection
	GlobalSection(SolutionProperties) = preSolution
		HideSolutionNode = FALSE
	EndGlobalSection
	GlobalSection(ExtensibilityGlobals) = postSolution
		SolutionGuid = {9156A481-1418-4954-9376-9F79E980BE36}
	EndGlobalSection
EndGlobal
